
Microsoft Visual Studio Solution File, Format Version 12.00
# Visual Studio Version 17
VisualStudioVersion = 17.4.33205.214
MinimumVisualStudioVersion = 10.0.40219.1
Project("{9A19103F-16F7-4668-BE54-9A1E7A4F7556}") = "7.5-SchetsEditorC", "SchetsEditorC\7.5-SchetsEditorC.csproj", "{B05D58FF-53BA-4D8A-84A9-DADE5712E310}"
EndProject
Global
	GlobalSection(SolutionConfigurationPlatforms) = preSolution
		Debug|Any CPU = Debug|Any CPU
		Release|Any CPU = Release|Any CPU
	EndGlobalSection
	GlobalSection(ProjectConfigurationPlatforms) = postSolution
		{B05D58FF-53BA-4D8A-84A9-DADE5712E310}.Debug|Any CPU.ActiveCfg = Debug|Any CPU
		{B05D58FF-53BA-4D8A-84A9-DADE5712E310}.Debug|Any CPU.Build.0 = Debug|Any CPU
		{B05D58FF-53BA-4D8A-84A9-DADE5712E310}.Release|Any CPU.ActiveCfg = Release|Any CPU
		{B05D58FF-53BA-4D8A-84A9-DADE5712E310}.Release|Any CPU.Build.0 = Release|Any CPU
	EndGlobalSection
	GlobalSection(SolutionProperties) = preSolution
		HideSolutionNode = FALSE
	EndGlobalSection
	GlobalSection(ExtensibilityGlobals) = postSolution
		SolutionGuid = {BCBA3A51-2C88-40C3-AC61-50B61089E39F}
	EndGlobalSection
EndGlobal
